
Microsoft Visual Studio Solution File, Format Version 12.00
# Visual Studio Version 17
VisualStudioVersion = 17.9.34728.123
MinimumVisualStudioVersion = 10.0.40219.1
Project("{FAE04EC0-301F-11D3-BF4B-00C04F79EFBC}") = "Bokkingsystem", "Bokkingsystem\Bokkingsystem.csproj", "{1BEB5F16-A130-42F4-BF00-ED073A2C45EC}"
EndProject
Project("{FAE04EC0-301F-11D3-BF4B-00C04F79EFBC}") = "BookingModels", "BookingModels\BookingModels.csproj", "{5C1B0CC3-21C6-4F56-B23B-3E2000535B66}"
EndProject
Global
	GlobalSection(SolutionConfigurationPlatforms) = preSolution
		Debug|Any CPU = Debug|Any CPU
		Release|Any CPU = Release|Any CPU
	EndGlobalSection
	GlobalSection(ProjectConfigurationPlatforms) = postSolution
		{1BEB5F16-A130-42F4-BF00-ED073A2C45EC}.Debug|Any CPU.ActiveCfg = Debug|Any CPU
		{1BEB5F16-A130-42F4-BF00-ED073A2C45EC}.Debug|Any CPU.Build.0 = Debug|Any CPU
		{1BEB5F16-A130-42F4-BF00-ED073A2C45EC}.Release|Any CPU.ActiveCfg = Release|Any CPU
		{1BEB5F16-A130-42F4-BF00-ED073A2C45EC}.Release|Any CPU.Build.0 = Release|Any CPU
		{5C1B0CC3-21C6-4F56-B23B-3E2000535B66}.Debug|Any CPU.ActiveCfg = Debug|Any CPU
		{5C1B0CC3-21C6-4F56-B23B-3E2000535B66}.Debug|Any CPU.Build.0 = Debug|Any CPU
		{5C1B0CC3-21C6-4F56-B23B-3E2000535B66}.Release|Any CPU.ActiveCfg = Release|Any CPU
		{5C1B0CC3-21C6-4F56-B23B-3E2000535B66}.Release|Any CPU.Build.0 = Release|Any CPU
	EndGlobalSection
	GlobalSection(SolutionProperties) = preSolution
		HideSolutionNode = FALSE
	EndGlobalSection
	GlobalSection(ExtensibilityGlobals) = postSolution
		SolutionGuid = {6026170D-F9C7-45C0-9D70-ACE60E12DAAA}
	EndGlobalSection
EndGlobal
